Microsoft Visual Studio Solution File, Format Version 12.00
# Visual Studio Version 17
VisualStudioVersion = 17.10.34916.146
MinimumVisualStudioVersion = 10.0.40219.1
Project("{FAE04EC0-301F-11D3-BF4B-00C04F79EFBC}") = "SwapRows", "SwapRows.csproj", "{32FF7EA0-77F8-4E9A-BE34-C96971C4E5C7}"
EndProject
Global
	GlobalSection(SolutionConfigurationPlatforms) = preSolution
		Debug|Any CPU = Debug|Any CPU
		Release|Any CPU = Release|Any CPU
	EndGlobalSection
	GlobalSection(ProjectConfigurationPlatforms) = postSolution
		{32FF7EA0-77F8-4E9A-BE34-C96971C4E5C7}.Debug|Any CPU.ActiveCfg = Debug|Any CPU
		{32FF7EA0-77F8-4E9A-BE34-C96971C4E5C7}.Debug|Any CPU.Build.0 = Debug|Any CPU
		{32FF7EA0-77F8-4E9A-BE34-C96971C4E5C7}.Release|Any CPU.ActiveCfg = Release|Any CPU
		{32FF7EA0-77F8-4E9A-BE34-C96971C4E5C7}.Release|Any CPU.Build.0 = Release|Any CPU
	EndGlobalSection
	GlobalSection(SolutionProperties) = preSolution
		HideSolutionNode = FALSE
	EndGlobalSection
	GlobalSection(ExtensibilityGlobals) = postSolution
		SolutionGuid = {C9350DB9-C36C-48D1-958C-9431939A0407}
	EndGlobalSection
EndGlobal
